
Microsoft Visual Studio Solution File, Format Version 12.00
# Visual Studio Version 16
VisualStudioVersion = 16.0.29009.5
MinimumVisualStudioVersion = 10.0.40219.1
Project("{FAE04EC0-301F-11D3-BF4B-00C04F79EFBC}") = "WindowsFormsApp", "WindowsFormsApp\WindowsFormsApp.csproj", "{194201BA-0636-409F-A647-4F2909A97C03}"
EndProject
Global
	GlobalSection(SolutionConfigurationPlatforms) = preSolution
		Debug|Any CPU = Debug|Any CPU
		Release|Any CPU = Release|Any CPU
	EndGlobalSection
	GlobalSection(ProjectConfigurationPlatforms) = postSolution
		{194201BA-0636-409F-A647-4F2909A97C03}.Debug|Any CPU.ActiveCfg = Debug|Any CPU
		{194201BA-0636-409F-A647-4F2909A97C03}.Debug|Any CPU.Build.0 = Debug|Any CPU
		{194201BA-0636-409F-A647-4F2909A97C03}.Release|Any CPU.ActiveCfg = Release|Any CPU
		{194201BA-0636-409F-A647-4F2909A97C03}.Release|Any CPU.Build.0 = Release|Any CPU
	EndGlobalSection
	GlobalSection(SolutionProperties) = preSolution
		HideSolutionNode = FALSE
	EndGlobalSection
	GlobalSection(ExtensibilityGlobals) = postSolution
		SolutionGuid = {D3A2229A-EE16-4EF7-86EB-DD2E84CD4098}
	EndGlobalSection
EndGlobal
